{"format_version":"1.2","terraform_version":"1.9.8","variables":{"app_image":{"value":"pranay1717/flask-login:latest"},"app_port":{"value":5000},"az_count":{"value":2},"fargate_cpu":{"value":"1024"},"fargate_memory":{"value":"2048"},"profile":{"value":"pranay"},"region":{"value":"us-east-1"},"secret_id":{"value":"defaultdb/login"}},"planned_values":{"outputs":{"alb_url":{"sensitive":false}},"root_module":{"resources":[{"address":"aws_alb.main","mode":"managed","type":"aws_alb","name":"main","provider_name":"registry.terraform.io/hashicorp/aws","schema_version":0,"values":{"access_logs":[],"client_keep_alive":3600,"connection_logs":[],"customer_owned_ipv4_pool":null,"desync_mitigation_mode":"defensive","dns_record_client_routing_policy":null,"drop_invalid_header_fields":false,"enable_cross_zone_load_balancing":null,"enable_deletion_protection":false,"enable_http2":true,"enable_tls_version_and_cipher_suite_headers":false,"enable_waf_fail_open":false,"enable_xff_client_port":false,"enable_zonal_shift":null,"idle_timeout":60,"load_balancer_type":"application","name":"alb","preserve_host_header":false,"tags":null,"timeouts":null,"xff_header_processing_mode":"append"},"sensitive_values":{"access_logs":[],"connection_logs":[],"security_groups":[],"subnet_mapping":[],"subnets":[],"tags_all":{}}},{"address":"aws_alb_listener.front_end","mode":"managed","type":"aws_alb_listener","name":"front_end","provider_name":"registry.terraform.io/hashicorp/aws","schema_version":0,"values":{"alpn_policy":null,"certificate_arn":null,"default_action":[{"authenticate_cognito":[],"authenticate_oidc":[],"fixed_response":[],"forward":[],"redirect":[],"type":"forward"}],"port":80,"protocol":"HTTP","tags":null,"timeouts":null},"sensitive_values":{"default_action":[{"authenticate_cognito":[],"authenticate_oidc":[],"fixed_response":[],"forward":[],"redirect":[]}],"mutual_authentication":[],"tags_all":{}}},{"address":"aws_alb_target_group.app","mode":"managed","type":"aws_alb_target_group","name":"app","provider_name":"registry.terraform.io/hashicorp/aws","schema_version":0,"values":{"deregistration_delay":"300","health_check":[{"enabled":true,"healthy_threshold":5,"interval":10,"path":"/","port":"traffic-port","protocol":"HTTP","timeout":5,"unhealthy_threshold":2}],"lambda_multi_value_headers_enabled":false,"name":"target-group","port":5000,"protocol":"HTTP","proxy_protocol_v2":false,"slow_start":0,"tags":null,"target_type":"ip"},"sensitive_values":{"health_check":[{}],"load_balancer_arns":[],"stickiness":[],"tags_all":{},"target_failover":[],"target_group_health":[],"target_health_state":[]}},{"address":"aws_ecs_cluster.main","mode":"managed","type":"aws_ecs_cluster","name":"main","provider_name":"registry.terraform.io/hashicorp/aws","schema_version":0,"values":{"configuration":[],"name":"ecs-cluster","service_connect_defaults":[],"tags":null},"sensitive_values":{"configuration":[],"service_connect_defaults":[],"setting":[],"tags_all":{}}},{"address":"aws_ecs_service.main","mode":"managed","type":"aws_ecs_service","name":"main","provider_name":"registry.terraform.io/hashicorp/aws","schema_version":1,"values":{"alarms":[],"capacity_provider_strategy":[],"deployment_circuit_breaker":[],"deployment_controller":[],"deployment_maximum_percent":200,"deployment_minimum_healthy_percent":100,"desired_count":1,"enable_ecs_managed_tags":false,"enable_execute_command":false,"force_delete":null,"force_new_deployment":null,"health_check_grace_period_seconds":null,"launch_type":"FARGATE","load_balancer":[{"container_name":"app","container_port":5000,"elb_name":""}],"name":"app-service","network_configuration":[{"assign_public_ip":true}],"ordered_placement_strategy":[],"placement_constraints":[],"propagate_tags":null,"scheduling_strategy":"REPLICA","service_connect_configuration":[],"service_registries":[],"tags":null,"timeouts":null,"volume_configuration":[],"wait_for_steady_state":false},"sensitive_values":{"alarms":[],"capacity_provider_strategy":[],"deployment_circuit_breaker":[],"deployment_controller":[],"load_balancer":[{}],"network_configuration":[{"security_groups":[],"subnets":[]}],"ordered_placement_strategy":[],"placement_constraints":[],"service_connect_configuration":[],"service_registries":[],"tags_all":{},"triggers":{},"volume_configuration":[]}},{"address":"aws_ecs_task_definition.app","mode":"managed","type":"aws_ecs_task_definition","name":"app","provider_name":"registry.terraform.io/hashicorp/aws","schema_version":1,"values":{"container_definitions":"[{\"cpu\":1024,\"image\":\"pranay1717/flask-login:latest\",\"memory\":2048,\"name\":\"app\",\"portMappings\":[{\"containerPort\":5000,\"hostPort\":5000}],\"secrets\":[{\"name\":\"DB_HOST\",\"valueFrom\":\"arn:aws:secretsmanager:us-east-1:743754641340:secret:defaultdb/login-dt9KAi:host::\"},{\"name\":\"DB_NAME\",\"valueFrom\":\"arn:aws:secretsmanager:us-east-1:743754641340:secret:defaultdb/login-dt9KAi:dbname::\"},{\"name\":\"DB_PASSWORD\",\"valueFrom\":\"arn:aws:secretsmanager:us-east-1:743754641340:secret:defaultdb/login-dt9KAi:password::\"},{\"name\":\"DB_PORT\",\"valueFrom\":\"arn:aws:secretsmanager:us-east-1:743754641340:secret:defaultdb/login-dt9KAi:port::\"},{\"name\":\"DB_USERNAME\",\"valueFrom\":\"arn:aws:secretsmanager:us-east-1:743754641340:secret:defaultdb/login-dt9KAi:username::\"}]}]","cpu":"1024","ephemeral_storage":[],"family":"app-task-definition","inference_accelerator":[],"ipc_mode":null,"memory":"2048","network_mode":"awsvpc","pid_mode":null,"placement_constraints":[],"proxy_configuration":[],"requires_compatibilities":["FARGATE"],"runtime_platform":[],"skip_destroy":false,"tags":null,"track_latest":false,"volume":[]},"sensitive_values":{"ephemeral_storage":[],"inference_accelerator":[],"placement_constraints":[],"proxy_configuration":[],"requires_compatibilities":[false],"runtime_platform":[],"tags_all":{},"volume":[]}},{"address":"aws_eip.gw","mode":"managed","type":"aws_eip","name":"gw","provider_name":"registry.terraform.io/hashicorp/aws","schema_version":0,"values":{"address":null,"associate_with_private_ip":null,"customer_owned_ipv4_pool":null,"domain":"vpc","tags":null,"timeouts":null},"sensitive_values":{"tags_all":{}}},{"address":"aws_iam_role.ecs_task_execution_role","mode":"managed","type":"aws_iam_role","name":"ecs_task_execution_role","provider_name":"registry.terraform.io/hashicorp/aws","schema_version":0,"values":{"assume_role_policy":"{\"Statement\":[{\"Action\":\"sts:AssumeRole\",\"Effect\":\"Allow\",\"Principal\":{\"Service\":\"ecs-tasks.amazonaws.com\"},\"Sid\":\"\"}],\"Version\":\"2012-10-17\"}","description":null,"force_detach_policies":false,"max_session_duration":3600,"name":"ecs-execution-role","path":"/","permissions_boundary":null,"tags":null},"sensitive_values":{"inline_policy":[],"managed_policy_arns":[],"tags_all":{}}},{"address":"aws_iam_role.ecs_task_role","mode":"managed","type":"aws_iam_role","name":"ecs_task_role","provider_name":"registry.terraform.io/hashicorp/aws","schema_version":0,"values":{"assume_role_policy":"{\"Statement\":[{\"Action\":\"sts:AssumeRole\",\"Effect\":\"Allow\",\"Principal\":{\"Service\":\"ecs-tasks.amazonaws.com\"},\"Sid\":\"\"}],\"Version\":\"2012-10-17\"}","description":null,"force_detach_policies":false,"max_session_duration":3600,"name":"ecs-task-role","path":"/","permissions_boundary":null,"tags":null},"sensitive_values":{"inline_policy":[],"managed_policy_arns":[],"tags_all":{}}},{"address":"aws_iam_role_policy_attachment.ecs-task-execution-role-policy-attachment","mode":"managed","type":"aws_iam_role_policy_attachment","name":"ecs-task-execution-role-policy-attachment","provider_name":"registry.terraform.io/hashicorp/aws","schema_version":0,"values":{"policy_arn":"arn:aws:iam::aws:policy/service-role/AmazonECSTaskExecutionRolePolicy","role":"ecs-execution-role"},"sensitive_values":{}},{"address":"aws_iam_role_policy_attachment.ecs-task-execution-role-secrets-policy-attachment","mode":"managed","type":"aws_iam_role_policy_attachment","name":"ecs-task-execution-role-secrets-policy-attachment","provider_name":"registry.terraform.io/hashicorp/aws","schema_version":0,"values":{"policy_arn":"arn:aws:iam::aws:policy/SecretsManagerReadWrite","role":"ecs-execution-role"},"sensitive_values":{}},{"address":"aws_iam_role_policy_attachment.ecs-task-role-policy-attachment","mode":"managed","type":"aws_iam_role_policy_attachment","name":"ecs-task-role-policy-attachment","provider_name":"registry.terraform.io/hashicorp/aws","schema_version":0,"values":{"policy_arn":"arn:aws:iam::aws:policy/SecretsManagerReadWrite","role":"ecs-task-role"},"sensitive_values":{}},{"address":"aws_internet_gateway.gw","mode":"managed","type":"aws_internet_gateway","name":"gw","provider_name":"registry.terraform.io/hashicorp/aws","schema_version":0,"values":{"tags":null,"timeouts":null},"sensitive_values":{"tags_all":{}}},{"address":"aws_nat_gateway.gw","mode":"managed","type":"aws_nat_gateway","name":"gw","provider_name":"registry.terraform.io/hashicorp/aws","schema_version":0,"values":{"connectivity_type":"public","secondary_allocation_ids":null,"tags":null,"timeouts":null},"sensitive_values":{"secondary_private_ip_addresses":[],"tags_all":{}}},{"address":"aws_route.internet_access","mode":"managed","type":"aws_route","name":"internet_access","provider_name":"registry.terraform.io/hashicorp/aws","schema_version":0,"values":{"carrier_gateway_id":null,"core_network_arn":null,"destination_cidr_block":"0.0.0.0/0","destination_ipv6_cidr_block":null,"destination_prefix_list_id":null,"egress_only_gateway_id":null,"local_gateway_id":null,"nat_gateway_id":null,"timeouts":null,"transit_gateway_id":null,"vpc_endpoint_id":null,"vpc_peering_connection_id":null},"sensitive_values":{}},{"address":"aws_route_table.private","mode":"managed","type":"aws_route_table","name":"private","provider_name":"registry.terraform.io/hashicorp/aws","schema_version":0,"values":{"route":[{"carrier_gateway_id":"","cidr_block":"0.0.0.0/0","core_network_arn":"","destination_prefix_list_id":"","egress_only_gateway_id":"","gateway_id":"","ipv6_cidr_block":"","local_gateway_id":"","network_interface_id":"","transit_gateway_id":"","vpc_endpoint_id":"","vpc_peering_connection_id":""}],"tags":null,"timeouts":null},"sensitive_values":{"propagating_vgws":[],"route":[{}],"tags_all":{}}},{"address":"aws_route_table_association.private[0]","mode":"managed","type":"aws_route_table_association","name":"private","index":0,"provider_name":"registry.terraform.io/hashicorp/aws","schema_version":0,"values":{"gateway_id":null,"timeouts":null},"sensitive_values":{}},{"address":"aws_route_table_association.private[1]","mode":"managed","type":"aws_route_table_association","name":"private","index":1,"provider_name":"registry.terraform.io/hashicorp/aws","schema_version":0,"values":{"gateway_id":null,"timeouts":null},"sensitive_values":{}},{"address":"aws_security_group.ecs_tasks","mode":"managed","type":"aws_security_group","name":"ecs_tasks","provider_name":"registry.terraform.io/hashicorp/aws","schema_version":1,"values":{"description":"Managed by Terraform","egress":[{"cidr_blocks":["0.0.0.0/0"],"description":"","from_port":0,"ipv6_cidr_blocks":[],"prefix_list_ids":[],"protocol":"-1","security_groups":[],"self":false,"to_port":0}],"ingress":[{"cidr_blocks":[],"description":"","from_port":5000,"ipv6_cidr_blocks":[],"prefix_list_ids":[],"protocol":"tcp","self":false,"to_port":5000}],"name":"ecs_tasks_sg","revoke_rules_on_delete":false,"tags":null,"timeouts":null},"sensitive_values":{"egress":[{"cidr_blocks":[false],"ipv6_cidr_blocks":[],"prefix_list_ids":[],"security_groups":[]}],"ingress":[{"cidr_blocks":[],"ipv6_cidr_blocks":[],"prefix_list_ids":[],"security_groups":[]}],"tags_all":{}}},{"address":"aws_security_group.lb","mode":"managed","type":"aws_security_group","name":"lb","provider_name":"registry.terraform.io/hashicorp/aws","schema_version":1,"values":{"description":"Managed by Terraform","egress":[{"cidr_blocks":["0.0.0.0/0"],"description":"","from_port":0,"ipv6_cidr_blocks":[],"prefix_list_ids":[],"protocol":"-1","security_groups":[],"self":false,"to_port":0}],"ingress":[{"cidr_blocks":["0.0.0.0/0"],"description":"","from_port":80,"ipv6_cidr_blocks":[],"prefix_list_ids":[],"protocol":"tcp","security_groups":[],"self":false,"to_port":80}],"name":"lb-security-group","revoke_rules_on_delete":false,"tags":null,"timeouts":null},"sensitive_values":{"egress":[{"cidr_blocks":[false],"ipv6_cidr_blocks":[],"prefix_list_ids":[],"security_groups":[]}],"ingress":[{"cidr_blocks":[false],"ipv6_cidr_blocks":[],"prefix_list_ids":[],"security_groups":[]}],"tags_all":{}}},{"address":"aws_subnet.private[0]","mode":"managed","type":"aws_subnet","name":"private","index":0,"provider_name":"registry.terraform.io/hashicorp/aws","schema_version":1,"values":{"assign_ipv6_address_on_creation":false,"availability_zone":"us-east-1a","cidr_block":"172.17.0.0/24","customer_owned_ipv4_pool":null,"enable_dns64":false,"enable_lni_at_device_index":null,"enable_resource_name_dns_a_record_on_launch":false,"enable_resource_name_dns_aaaa_record_on_launch":false,"ipv6_cidr_block":null,"ipv6_native":false,"map_customer_owned_ip_on_launch":null,"map_public_ip_on_launch":false,"outpost_arn":null,"tags":null,"timeouts":null},"sensitive_values":{"tags_all":{}}},{"address":"aws_subnet.private[1]","mode":"managed","type":"aws_subnet","name":"private","index":1,"provider_name":"registry.terraform.io/hashicorp/aws","schema_version":1,"values":{"assign_ipv6_address_on_creation":false,"availability_zone":"us-east-1b","cidr_block":"172.17.1.0/24","customer_owned_ipv4_pool":null,"enable_dns64":false,"enable_lni_at_device_index":null,"enable_resource_name_dns_a_record_on_launch":false,"enable_resource_name_dns_aaaa_record_on_launch":false,"ipv6_cidr_block":null,"ipv6_native":false,"map_customer_owned_ip_on_launch":null,"map_public_ip_on_launch":false,"outpost_arn":null,"tags":null,"timeouts":null},"sensitive_values":{"tags_all":{}}},{"address":"aws_subnet.public[0]","mode":"managed","type":"aws_subnet","name":"public","index":0,"provider_name":"registry.terraform.io/hashicorp/aws","schema_version":1,"values":{"assign_ipv6_address_on_creation":false,"availability_zone":"us-east-1a","cidr_block":"172.17.2.0/24","customer_owned_ipv4_pool":null,"enable_dns64":false,"enable_lni_at_device_index":null,"enable_resource_name_dns_a_record_on_launch":false,"enable_resource_name_dns_aaaa_record_on_launch":false,"ipv6_cidr_block":null,"ipv6_native":false,"map_customer_owned_ip_on_launch":null,"map_public_ip_on_launch":false,"outpost_arn":null,"tags":null,"timeouts":null},"sensitive_values":{"tags_all":{}}},{"address":"aws_subnet.public[1]","mode":"managed","type":"aws_subnet","name":"public","index":1,"provider_name":"registry.terraform.io/hashicorp/aws","schema_version":1,"values":{"assign_ipv6_address_on_creation":false,"availability_zone":"us-east-1b","cidr_block":"172.17.3.0/24","customer_owned_ipv4_pool":null,"enable_dns64":false,"enable_lni_at_device_index":null,"enable_resource_name_dns_a_record_on_launch":false,"enable_resource_name_dns_aaaa_record_on_launch":false,"ipv6_cidr_block":null,"ipv6_native":false,"map_customer_owned_ip_on_launch":null,"map_public_ip_on_launch":false,"outpost_arn":null,"tags":null,"timeouts":null},"sensitive_values":{"tags_all":{}}},{"address":"aws_vpc.main","mode":"managed","type":"aws_vpc","name":"main","provider_name":"registry.terraform.io/hashicorp/aws","schema_version":1,"values":{"assign_generated_ipv6_cidr_block":null,"cidr_block":"172.17.0.0/16","enable_dns_support":true,"instance_tenancy":"default","ipv4_ipam_pool_id":null,"ipv4_netmask_length":null,"ipv6_ipam_pool_id":null,"ipv6_netmask_length":null,"tags":null},"sensitive_values":{"tags_all":{}}}]}},"resource_changes":[{"address":"aws_alb.main","mode":"managed","type":"aws_alb","name":"main","provider_name":"registry.terraform.io/hashicorp/aws","change":{"actions":["create"],"before":null,"after":{"access_logs":[],"client_keep_alive":3600,"connection_logs":[],"customer_owned_ipv4_pool":null,"desync_mitigation_mode":"defensive","dns_record_client_routing_policy":null,"drop_invalid_header_fields":false,"enable_cross_zone_load_balancing":null,"enable_deletion_protection":false,"enable_http2":true,"enable_tls_version_and_cipher_suite_headers":false,"enable_waf_fail_open":false,"enable_xff_client_port":false,"enable_zonal_shift":null,"idle_timeout":60,"load_balancer_type":"application","name":"alb","preserve_host_header":false,"tags":null,"timeouts":null,"xff_header_processing_mode":"append"},"after_unknown":{"access_logs":[],"arn":true,"arn_suffix":true,"connection_logs":[],"dns_name":true,"enforce_security_group_inbound_rules_on_private_link_traffic":true,"id":true,"internal":true,"ip_address_type":true,"name_prefix":true,"security_groups":true,"subnet_mapping":true,"subnets":true,"tags_all":true,"vpc_id":true,"zone_id":true},"before_sensitive":false,"after_sensitive":{"access_logs":[],"connection_logs":[],"security_groups":[],"subnet_mapping":[],"subnets":[],"tags_all":{}}}},{"address":"aws_alb_listener.front_end","mode":"managed","type":"aws_alb_listener","name":"front_end","provider_name":"registry.terraform.io/hashicorp/aws","change":{"actions":["create"],"before":null,"after":{"alpn_policy":null,"certificate_arn":null,"default_action":[{"authenticate_cognito":[],"authenticate_oidc":[],"fixed_response":[],"forward":[],"redirect":[],"type":"forward"}],"port":80,"protocol":"HTTP","tags":null,"timeouts":null},"after_unknown":{"arn":true,"default_action":[{"authenticate_cognito":[],"authenticate_oidc":[],"fixed_response":[],"forward":[],"order":true,"redirect":[],"target_group_arn":true}],"id":true,"load_balancer_arn":true,"mutual_authentication":true,"ssl_policy":true,"tags_all":true,"tcp_idle_timeout_seconds":true},"before_sensitive":false,"after_sensitive":{"default_action":[{"authenticate_cognito":[],"authenticate_oidc":[],"fixed_response":[],"forward":[],"redirect":[]}],"mutual_authentication":[],"tags_all":{}}}},{"address":"aws_alb_target_group.app","mode":"managed","type":"aws_alb_target_group","name":"app","provider_name":"registry.terraform.io/hashicorp/aws","change":{"actions":["create"],"before":null,"after":{"deregistration_delay":"300","health_check":[{"enabled":true,"healthy_threshold":5,"interval":10,"path":"/","port":"traffic-port","protocol":"HTTP","timeout":5,"unhealthy_threshold":2}],"lambda_multi_value_headers_enabled":false,"name":"target-group","port":5000,"protocol":"HTTP","proxy_protocol_v2":false,"slow_start":0,"tags":null,"target_type":"ip"},"after_unknown":{"arn":true,"arn_suffix":true,"connection_termination":true,"health_check":[{"matcher":true}],"id":true,"ip_address_type":true,"load_balancer_arns":true,"load_balancing_algorithm_type":true,"load_balancing_anomaly_mitigation":true,"load_balancing_cross_zone_enabled":true,"name_prefix":true,"preserve_client_ip":true,"protocol_version":true,"stickiness":true,"tags_all":true,"target_failover":true,"target_group_health":true,"target_health_state":true,"vpc_id":true},"before_sensitive":false,"after_sensitive":{"health_check":[{}],"load_balancer_arns":[],"stickiness":[],"tags_all":{},"target_failover":[],"target_group_health":[],"target_health_state":[]}}},{"address":"aws_ecs_cluster.main","mode":"managed","type":"aws_ecs_cluster","name":"main","provider_name":"registry.terraform.io/hashicorp/aws","change":{"actions":["create"],"before":null,"after":{"configuration":[],"name":"ecs-cluster","service_connect_defaults":[],"tags":null},"after_unknown":{"arn":true,"configuration":[],"id":true,"service_connect_defaults":[],"setting":true,"tags_all":true},"before_sensitive":false,"after_sensitive":{"configuration":[],"service_connect_defaults":[],"setting":[],"tags_all":{}}}},{"address":"aws_ecs_service.main","mode":"managed","type":"aws_ecs_service","name":"main","provider_name":"registry.terraform.io/hashicorp/aws","change":{"actions":["create"],"before":null,"after":{"alarms":[],"capacity_provider_strategy":[],"deployment_circuit_breaker":[],"deployment_controller":[],"deployment_maximum_percent":200,"deployment_minimum_healthy_percent":100,"desired_count":1,"enable_ecs_managed_tags":false,"enable_execute_command":false,"force_delete":null,"force_new_deployment":null,"health_check_grace_period_seconds":null,"launch_type":"FARGATE","load_balancer":[{"container_name":"app","container_port":5000,"elb_name":""}],"name":"app-service","network_configuration":[{"assign_public_ip":true}],"ordered_placement_strategy":[],"placement_constraints":[],"propagate_tags":null,"scheduling_strategy":"REPLICA","service_connect_configuration":[],"service_registries":[],"tags":null,"timeouts":null,"volume_configuration":[],"wait_for_steady_state":false},"after_unknown":{"alarms":[],"capacity_provider_strategy":[],"cluster":true,"deployment_circuit_breaker":[],"deployment_controller":[],"iam_role":true,"id":true,"load_balancer":[{"target_group_arn":true}],"network_configuration":[{"security_groups":true,"subnets":true}],"ordered_placement_strategy":[],"placement_constraints":[],"platform_version":true,"service_connect_configuration":[],"service_registries":[],"tags_all":true,"task_definition":true,"triggers":true,"volume_configuration":[]},"before_sensitive":false,"after_sensitive":{"alarms":[],"capacity_provider_strategy":[],"deployment_circuit_breaker":[],"deployment_controller":[],"load_balancer":[{}],"network_configuration":[{"security_groups":[],"subnets":[]}],"ordered_placement_strategy":[],"placement_constraints":[],"service_connect_configuration":[],"service_registries":[],"tags_all":{},"triggers":{},"volume_configuration":[]}}},{"address":"aws_ecs_task_definition.app","mode":"managed","type":"aws_ecs_task_definition","name":"app","provider_name":"registry.terraform.io/hashicorp/aws","change":{"actions":["create"],"before":null,"after":{"container_definitions":"[{\"cpu\":1024,\"image\":\"pranay1717/flask-login:latest\",\"memory\":2048,\"name\":\"app\",\"portMappings\":[{\"containerPort\":5000,\"hostPort\":5000}],\"secrets\":[{\"name\":\"DB_HOST\",\"valueFrom\":\"arn:aws:secretsmanager:us-east-1:743754641340:secret:defaultdb/login-dt9KAi:host::\"},{\"name\":\"DB_NAME\",\"valueFrom\":\"arn:aws:secretsmanager:us-east-1:743754641340:secret:defaultdb/login-dt9KAi:dbname::\"},{\"name\":\"DB_PASSWORD\",\"valueFrom\":\"arn:aws:secretsmanager:us-east-1:743754641340:secret:defaultdb/login-dt9KAi:password::\"},{\"name\":\"DB_PORT\",\"valueFrom\":\"arn:aws:secretsmanager:us-east-1:743754641340:secret:defaultdb/login-dt9KAi:port::\"},{\"name\":\"DB_USERNAME\",\"valueFrom\":\"arn:aws:secretsmanager:us-east-1:743754641340:secret:defaultdb/login-dt9KAi:username::\"}]}]","cpu":"1024","ephemeral_storage":[],"family":"app-task-definition","inference_accelerator":[],"ipc_mode":null,"memory":"2048","network_mode":"awsvpc","pid_mode":null,"placement_constraints":[],"proxy_configuration":[],"requires_compatibilities":["FARGATE"],"runtime_platform":[],"skip_destroy":false,"tags":null,"track_latest":false,"volume":[]},"after_unknown":{"arn":true,"arn_without_revision":true,"ephemeral_storage":[],"execution_role_arn":true,"id":true,"inference_accelerator":[],"placement_constraints":[],"proxy_configuration":[],"requires_compatibilities":[false],"revision":true,"runtime_platform":[],"tags_all":true,"task_role_arn":true,"volume":[]},"before_sensitive":false,"after_sensitive":{"ephemeral_storage":[],"inference_accelerator":[],"placement_constraints":[],"proxy_configuration":[],"requires_compatibilities":[false],"runtime_platform":[],"tags_all":{},"volume":[]}}},{"address":"aws_eip.gw","mode":"managed","type":"aws_eip","name":"gw","provider_name":"registry.terraform.io/hashicorp/aws","change":{"actions":["create"],"before":null,"after":{"address":null,"associate_with_private_ip":null,"customer_owned_ipv4_pool":null,"domain":"vpc","tags":null,"timeouts":null},"after_unknown":{"allocation_id":true,"arn":true,"association_id":true,"carrier_ip":true,"customer_owned_ip":true,"id":true,"instance":true,"ipam_pool_id":true,"network_border_group":true,"network_interface":true,"private_dns":true,"private_ip":true,"ptr_record":true,"public_dns":true,"public_ip":true,"public_ipv4_pool":true,"tags_all":true,"vpc":true},"before_sensitive":false,"after_sensitive":{"tags_all":{}}}},{"address":"aws_iam_role.ecs_task_execution_role","mode":"managed","type":"aws_iam_role","name":"ecs_task_execution_role","provider_name":"registry.terraform.io/hashicorp/aws","change":{"actions":["create"],"before":null,"after":{"assume_role_policy":"{\"Statement\":[{\"Action\":\"sts:AssumeRole\",\"Effect\":\"Allow\",\"Principal\":{\"Service\":\"ecs-tasks.amazonaws.com\"},\"Sid\":\"\"}],\"Version\":\"2012-10-17\"}","description":null,"force_detach_policies":false,"max_session_duration":3600,"name":"ecs-execution-role","path":"/","permissions_boundary":null,"tags":null},"after_unknown":{"arn":true,"create_date":true,"id":true,"inline_policy":true,"managed_policy_arns":true,"name_prefix":true,"tags_all":true,"unique_id":true},"before_sensitive":false,"after_sensitive":{"inline_policy":[],"managed_policy_arns":[],"tags_all":{}}}},{"address":"aws_iam_role.ecs_task_role","mode":"managed","type":"aws_iam_role","name":"ecs_task_role","provider_name":"registry.terraform.io/hashicorp/aws","change":{"actions":["create"],"before":null,"after":{"assume_role_policy":"{\"Statement\":[{\"Action\":\"sts:AssumeRole\",\"Effect\":\"Allow\",\"Principal\":{\"Service\":\"ecs-tasks.amazonaws.com\"},\"Sid\":\"\"}],\"Version\":\"2012-10-17\"}","description":null,"force_detach_policies":false,"max_session_duration":3600,"name":"ecs-task-role","path":"/","permissions_boundary":null,"tags":null},"after_unknown":{"arn":true,"create_date":true,"id":true,"inline_policy":true,"managed_policy_arns":true,"name_prefix":true,"tags_all":true,"unique_id":true},"before_sensitive":false,"after_sensitive":{"inline_policy":[],"managed_policy_arns":[],"tags_all":{}}}},{"address":"aws_iam_role_policy_attachment.ecs-task-execution-role-policy-attachment","mode":"managed","type":"aws_iam_role_policy_attachment","name":"ecs-task-execution-role-policy-attachment","provider_name":"registry.terraform.io/hashicorp/aws","change":{"actions":["create"],"before":null,"after":{"policy_arn":"arn:aws:iam::aws:policy/service-role/AmazonECSTaskExecutionRolePolicy","role":"ecs-execution-role"},"after_unknown":{"id":true},"before_sensitive":false,"after_sensitive":{}}},{"address":"aws_iam_role_policy_attachment.ecs-task-execution-role-secrets-policy-attachment","mode":"managed","type":"aws_iam_role_policy_attachment","name":"ecs-task-execution-role-secrets-policy-attachment","provider_name":"registry.terraform.io/hashicorp/aws","change":{"actions":["create"],"before":null,"after":{"policy_arn":"arn:aws:iam::aws:policy/SecretsManagerReadWrite","role":"ecs-execution-role"},"after_unknown":{"id":true},"before_sensitive":false,"after_sensitive":{}}},{"address":"aws_iam_role_policy_attachment.ecs-task-role-policy-attachment","mode":"managed","type":"aws_iam_role_policy_attachment","name":"ecs-task-role-policy-attachment","provider_name":"registry.terraform.io/hashicorp/aws","change":{"actions":["create"],"before":null,"after":{"policy_arn":"arn:aws:iam::aws:policy/SecretsManagerReadWrite","role":"ecs-task-role"},"after_unknown":{"id":true},"before_sensitive":false,"after_sensitive":{}}},{"address":"aws_internet_gateway.gw","mode":"managed","type":"aws_internet_gateway","name":"gw","provider_name":"registry.terraform.io/hashicorp/aws","change":{"actions":["create"],"before":null,"after":{"tags":null,"timeouts":null},"after_unknown":{"arn":true,"id":true,"owner_id":true,"tags_all":true,"vpc_id":true},"before_sensitive":false,"after_sensitive":{"tags_all":{}}}},{"address":"aws_nat_gateway.gw","mode":"managed","type":"aws_nat_gateway","name":"gw","provider_name":"registry.terraform.io/hashicorp/aws","change":{"actions":["create"],"before":null,"after":{"connectivity_type":"public","secondary_allocation_ids":null,"tags":null,"timeouts":null},"after_unknown":{"allocation_id":true,"association_id":true,"id":true,"network_interface_id":true,"private_ip":true,"public_ip":true,"secondary_private_ip_address_count":true,"secondary_private_ip_addresses":true,"subnet_id":true,"tags_all":true},"before_sensitive":false,"after_sensitive":{"secondary_private_ip_addresses":[],"tags_all":{}}}},{"address":"aws_route.internet_access","mode":"managed","type":"aws_route","name":"internet_access","provider_name":"registry.terraform.io/hashicorp/aws","change":{"actions":["create"],"before":null,"after":{"carrier_gateway_id":null,"core_network_arn":null,"destination_cidr_block":"0.0.0.0/0","destination_ipv6_cidr_block":null,"destination_prefix_list_id":null,"egress_only_gateway_id":null,"local_gateway_id":null,"nat_gateway_id":null,"timeouts":null,"transit_gateway_id":null,"vpc_endpoint_id":null,"vpc_peering_connection_id":null},"after_unknown":{"gateway_id":true,"id":true,"instance_id":true,"instance_owner_id":true,"network_interface_id":true,"origin":true,"route_table_id":true,"state":true},"before_sensitive":false,"after_sensitive":{}}},{"address":"aws_route_table.private","mode":"managed","type":"aws_route_table","name":"private","provider_name":"registry.terraform.io/hashicorp/aws","change":{"actions":["create"],"before":null,"after":{"route":[{"carrier_gateway_id":"","cidr_block":"0.0.0.0/0","core_network_arn":"","destination_prefix_list_id":"","egress_only_gateway_id":"","gateway_id":"","ipv6_cidr_block":"","local_gateway_id":"","network_interface_id":"","transit_gateway_id":"","vpc_endpoint_id":"","vpc_peering_connection_id":""}],"tags":null,"timeouts":null},"after_unknown":{"arn":true,"id":true,"owner_id":true,"propagating_vgws":true,"route":[{"nat_gateway_id":true}],"tags_all":true,"vpc_id":true},"before_sensitive":false,"after_sensitive":{"propagating_vgws":[],"route":[{}],"tags_all":{}}}},{"address":"aws_route_table_association.private[0]","mode":"managed","type":"aws_route_table_association","name":"private","index":0,"provider_name":"registry.terraform.io/hashicorp/aws","change":{"actions":["create"],"before":null,"after":{"gateway_id":null,"timeouts":null},"after_unknown":{"id":true,"route_table_id":true,"subnet_id":true},"before_sensitive":false,"after_sensitive":{}}},{"address":"aws_route_table_association.private[1]","mode":"managed","type":"aws_route_table_association","name":"private","index":1,"provider_name":"registry.terraform.io/hashicorp/aws","change":{"actions":["create"],"before":null,"after":{"gateway_id":null,"timeouts":null},"after_unknown":{"id":true,"route_table_id":true,"subnet_id":true},"before_sensitive":false,"after_sensitive":{}}},{"address":"aws_security_group.ecs_tasks","mode":"managed","type":"aws_security_group","name":"ecs_tasks","provider_name":"registry.terraform.io/hashicorp/aws","change":{"actions":["create"],"before":null,"after":{"description":"Managed by Terraform","egress":[{"cidr_blocks":["0.0.0.0/0"],"description":"","from_port":0,"ipv6_cidr_blocks":[],"prefix_list_ids":[],"protocol":"-1","security_groups":[],"self":false,"to_port":0}],"ingress":[{"cidr_blocks":[],"description":"","from_port":5000,"ipv6_cidr_blocks":[],"prefix_list_ids":[],"protocol":"tcp","self":false,"to_port":5000}],"name":"ecs_tasks_sg","revoke_rules_on_delete":false,"tags":null,"timeouts":null},"after_unknown":{"arn":true,"egress":[{"cidr_blocks":[false],"ipv6_cidr_blocks":[],"prefix_list_ids":[],"security_groups":[]}],"id":true,"ingress":[{"cidr_blocks":[],"ipv6_cidr_blocks":[],"prefix_list_ids":[],"security_groups":true}],"name_prefix":true,"owner_id":true,"tags_all":true,"vpc_id":true},"before_sensitive":false,"after_sensitive":{"egress":[{"cidr_blocks":[false],"ipv6_cidr_blocks":[],"prefix_list_ids":[],"security_groups":[]}],"ingress":[{"cidr_blocks":[],"ipv6_cidr_blocks":[],"prefix_list_ids":[],"security_groups":[]}],"tags_all":{}}}},{"address":"aws_security_group.lb","mode":"managed","type":"aws_security_group","name":"lb","provider_name":"registry.terraform.io/hashicorp/aws","change":{"actions":["create"],"before":null,"after":{"description":"Managed by Terraform","egress":[{"cidr_blocks":["0.0.0.0/0"],"description":"","from_port":0,"ipv6_cidr_blocks":[],"prefix_list_ids":[],"protocol":"-1","security_groups":[],"self":false,"to_port":0}],"ingress":[{"cidr_blocks":["0.0.0.0/0"],"description":"","from_port":80,"ipv6_cidr_blocks":[],"prefix_list_ids":[],"protocol":"tcp","security_groups":[],"self":false,"to_port":80}],"name":"lb-security-group","revoke_rules_on_delete":false,"tags":null,"timeouts":null},"after_unknown":{"arn":true,"egress":[{"cidr_blocks":[false],"ipv6_cidr_blocks":[],"prefix_list_ids":[],"security_groups":[]}],"id":true,"ingress":[{"cidr_blocks":[false],"ipv6_cidr_blocks":[],"prefix_list_ids":[],"security_groups":[]}],"name_prefix":true,"owner_id":true,"tags_all":true,"vpc_id":true},"before_sensitive":false,"after_sensitive":{"egress":[{"cidr_blocks":[false],"ipv6_cidr_blocks":[],"prefix_list_ids":[],"security_groups":[]}],"ingress":[{"cidr_blocks":[false],"ipv6_cidr_blocks":[],"prefix_list_ids":[],"security_groups":[]}],"tags_all":{}}}},{"address":"aws_subnet.private[0]","mode":"managed","type":"aws_subnet","name":"private","index":0,"provider_name":"registry.terraform.io/hashicorp/aws","change":{"actions":["create"],"before":null,"after":{"assign_ipv6_address_on_creation":false,"availability_zone":"us-east-1a","cidr_block":"172.17.0.0/24","customer_owned_ipv4_pool":null,"enable_dns64":false,"enable_lni_at_device_index":null,"enable_resource_name_dns_a_record_on_launch":false,"enable_resource_name_dns_aaaa_record_on_launch":false,"ipv6_cidr_block":null,"ipv6_native":false,"map_customer_owned_ip_on_launch":null,"map_public_ip_on_launch":false,"outpost_arn":null,"tags":null,"timeouts":null},"after_unknown":{"arn":true,"availability_zone_id":true,"id":true,"ipv6_cidr_block_association_id":true,"owner_id":true,"private_dns_hostname_type_on_launch":true,"tags_all":true,"vpc_id":true},"before_sensitive":false,"after_sensitive":{"tags_all":{}}}},{"address":"aws_subnet.private[1]","mode":"managed","type":"aws_subnet","name":"private","index":1,"provider_name":"registry.terraform.io/hashicorp/aws","change":{"actions":["create"],"before":null,"after":{"assign_ipv6_address_on_creation":false,"availability_zone":"us-east-1b","cidr_block":"172.17.1.0/24","customer_owned_ipv4_pool":null,"enable_dns64":false,"enable_lni_at_device_index":null,"enable_resource_name_dns_a_record_on_launch":false,"enable_resource_name_dns_aaaa_record_on_launch":false,"ipv6_cidr_block":null,"ipv6_native":false,"map_customer_owned_ip_on_launch":null,"map_public_ip_on_launch":false,"outpost_arn":null,"tags":null,"timeouts":null},"after_unknown":{"arn":true,"availability_zone_id":true,"id":true,"ipv6_cidr_block_association_id":true,"owner_id":true,"private_dns_hostname_type_on_launch":true,"tags_all":true,"vpc_id":true},"before_sensitive":false,"after_sensitive":{"tags_all":{}}}},{"address":"aws_subnet.public[0]","mode":"managed","type":"aws_subnet","name":"public","index":0,"provider_name":"registry.terraform.io/hashicorp/aws","change":{"actions":["create"],"before":null,"after":{"assign_ipv6_address_on_creation":false,"availability_zone":"us-east-1a","cidr_block":"172.17.2.0/24","customer_owned_ipv4_pool":null,"enable_dns64":false,"enable_lni_at_device_index":null,"enable_resource_name_dns_a_record_on_launch":false,"enable_resource_name_dns_aaaa_record_on_launch":false,"ipv6_cidr_block":null,"ipv6_native":false,"map_customer_owned_ip_on_launch":null,"map_public_ip_on_launch":false,"outpost_arn":null,"tags":null,"timeouts":null},"after_unknown":{"arn":true,"availability_zone_id":true,"id":true,"ipv6_cidr_block_association_id":true,"owner_id":true,"private_dns_hostname_type_on_launch":true,"tags_all":true,"vpc_id":true},"before_sensitive":false,"after_sensitive":{"tags_all":{}}}},{"address":"aws_subnet.public[1]","mode":"managed","type":"aws_subnet","name":"public","index":1,"provider_name":"registry.terraform.io/hashicorp/aws","change":{"actions":["create"],"before":null,"after":{"assign_ipv6_address_on_creation":false,"availability_zone":"us-east-1b","cidr_block":"172.17.3.0/24","customer_owned_ipv4_pool":null,"enable_dns64":false,"enable_lni_at_device_index":null,"enable_resource_name_dns_a_record_on_launch":false,"enable_resource_name_dns_aaaa_record_on_launch":false,"ipv6_cidr_block":null,"ipv6_native":false,"map_customer_owned_ip_on_launch":null,"map_public_ip_on_launch":false,"outpost_arn":null,"tags":null,"timeouts":null},"after_unknown":{"arn":true,"availability_zone_id":true,"id":true,"ipv6_cidr_block_association_id":true,"owner_id":true,"private_dns_hostname_type_on_launch":true,"tags_all":true,"vpc_id":true},"before_sensitive":false,"after_sensitive":{"tags_all":{}}}},{"address":"aws_vpc.main","mode":"managed","type":"aws_vpc","name":"main","provider_name":"registry.terraform.io/hashicorp/aws","change":{"actions":["create"],"before":null,"after":{"assign_generated_ipv6_cidr_block":null,"cidr_block":"172.17.0.0/16","enable_dns_support":true,"instance_tenancy":"default","ipv4_ipam_pool_id":null,"ipv4_netmask_length":null,"ipv6_ipam_pool_id":null,"ipv6_netmask_length":null,"tags":null},"after_unknown":{"arn":true,"default_network_acl_id":true,"default_route_table_id":true,"default_security_group_id":true,"dhcp_options_id":true,"enable_dns_hostnames":true,"enable_network_address_usage_metrics":true,"id":true,"ipv6_association_id":true,"ipv6_cidr_block":true,"ipv6_cidr_block_network_border_group":true,"main_route_table_id":true,"owner_id":true,"tags_all":true},"before_sensitive":false,"after_sensitive":{"tags_all":{}}}}],"output_changes":{"alb_url":{"actions":["create"],"before":null,"after_unknown":true,"before_sensitive":false,"after_sensitive":false}},"prior_state":{"format_version":"1.0","terraform_version":"1.9.8","values":{"root_module":{"resources":[{"address":"data.aws_availability_zones.available","mode":"data","type":"aws_availability_zones","name":"available","provider_name":"registry.terraform.io/hashicorp/aws","schema_version":0,"values":{"all_availability_zones":null,"exclude_names":null,"exclude_zone_ids":null,"filter":null,"group_names":["us-east-1"],"id":"us-east-1","names":["us-east-1a","us-east-1b","us-east-1c","us-east-1d","us-east-1e","us-east-1f"],"state":null,"timeouts":null,"zone_ids":["use1-az4","use1-az6","use1-az1","use1-az2","use1-az3","use1-az5"]},"sensitive_values":{"group_names":[false],"names":[false,false,false,false,false,false],"zone_ids":[false,false,false,false,false,false]}},{"address":"data.aws_secretsmanager_secret_version.database","mode":"data","type":"aws_secretsmanager_secret_version","name":"database","provider_name":"registry.terraform.io/hashicorp/aws","schema_version":0,"values":{"arn":"arn:aws:secretsmanager:us-east-1:743754641340:secret:defaultdb/login-dt9KAi","created_date":"2024-11-28T04:55:13Z","id":"defaultdb/login|AWSCURRENT","secret_binary":"","secret_id":"defaultdb/login","secret_string":"{\"username\":\"pranay\",\"password\":\"Sg9dWYEO_SohicaSd_0kMQ\",\"engine\":\"postgres\",\"host\":\"pranay-5526.j77.aws-us-east-1.cockroachlabs.cloud\",\"port\":\"26257\",\"dbname\":\"defaultdb\"}","version_id":"eb22f5c7-b4a7-4ae9-8bef-0ef394cf5c08","version_stage":"AWSCURRENT","version_stages":["AWSCURRENT"]},"sensitive_values":{"secret_binary":true,"secret_string":true,"version_stages":[false]}},{"address":"data.template_file.app","mode":"data","type":"template_file","name":"app","provider_name":"registry.terraform.io/hashicorp/template","schema_version":0,"values":{"filename":null,"id":"fc9225dc688692d27ceddec02ba10b58d998647184fc543c0d62389da2f1c85f","rendered":"[\n  {\n    \"name\": \"app\",\n    \"image\": \"pranay1717/flask-login:latest\",\n    \"cpu\": 1024,\n    \"memory\": 2048,\n    \"networkMode\": \"awsvpc\",\n    \"portMappings\": [\n      {\n        \"containerPort\": 5000,\n        \"hostPort\": 5000\n      }\n    ],\n    \"secrets\": [\n      {\n        \"name\": \"DB_PASSWORD\",\n        \"valuefrom\": \"arn:aws:secretsmanager:us-east-1:743754641340:secret:defaultdb/login-dt9KAi:password::\"\n      },\n      {\n        \"name\": \"DB_USERNAME\",\n        \"valuefrom\": \"arn:aws:secretsmanager:us-east-1:743754641340:secret:defaultdb/login-dt9KAi:username::\"\n      },\n      {\n        \"name\": \"DB_HOST\",\n        \"valuefrom\": \"arn:aws:secretsmanager:us-east-1:743754641340:secret:defaultdb/login-dt9KAi:host::\"\n      },\n      {\n        \"name\": \"DB_PORT\",\n        \"valuefrom\": \"arn:aws:secretsmanager:us-east-1:743754641340:secret:defaultdb/login-dt9KAi:port::\"\n      },\n      {\n        \"name\": \"DB_NAME\",\n        \"valuefrom\": \"arn:aws:secretsmanager:us-east-1:743754641340:secret:defaultdb/login-dt9KAi:dbname::\"\n      }\n    ]\n  }\n]\n","template":"[\n  {\n    \"name\": \"app\",\n    \"image\": \"${app_image}\",\n    \"cpu\": ${fargate_cpu},\n    \"memory\": ${fargate_memory},\n    \"networkMode\": \"awsvpc\",\n    \"portMappings\": [\n      {\n        \"containerPort\": ${app_port},\n        \"hostPort\": ${app_port}\n      }\n    ],\n    \"secrets\": [\n      {\n        \"name\": \"DB_PASSWORD\",\n        \"valuefrom\": \"${arn}:password::\"\n      },\n      {\n        \"name\": \"DB_USERNAME\",\n        \"valuefrom\": \"${arn}:username::\"\n      },\n      {\n        \"name\": \"DB_HOST\",\n        \"valuefrom\": \"${arn}:host::\"\n      },\n      {\n        \"name\": \"DB_PORT\",\n        \"valuefrom\": \"${arn}:port::\"\n      },\n      {\n        \"name\": \"DB_NAME\",\n        \"valuefrom\": \"${arn}:dbname::\"\n      }\n    ]\n  }\n]\n","vars":{"app_image":"pranay1717/flask-login:latest","app_port":"5000","arn":"arn:aws:secretsmanager:us-east-1:743754641340:secret:defaultdb/login-dt9KAi","aws_region":"us-east-1","fargate_cpu":"1024","fargate_memory":"2048"}},"sensitive_values":{"vars":{}}}]}}},"configuration":{"provider_config":{"aws":{"name":"aws","full_name":"registry.terraform.io/hashicorp/aws","version_constraint":"~\u003e 5.0","expressions":{"profile":{"references":["var.profile"]},"region":{"references":["var.region"]}}},"template":{"name":"template","full_name":"registry.terraform.io/hashicorp/template"}},"root_module":{"outputs":{"alb_url":{"expression":{"references":["aws_alb.main.dns_name","aws_alb.main"]},"description":"The DNS name of the load balancer"}},"resources":[{"address":"aws_alb.main","mode":"managed","type":"aws_alb","name":"main","provider_config_key":"aws","expressions":{"name":{"constant_value":"alb"},"security_groups":{"references":["aws_security_group.lb.id","aws_security_group.lb"]},"subnets":{"references":["aws_subnet.public"]}},"schema_version":0},{"address":"aws_alb_listener.front_end","mode":"managed","type":"aws_alb_listener","name":"front_end","provider_config_key":"aws","expressions":{"default_action":[{"target_group_arn":{"references":["aws_alb_target_group.app.id","aws_alb_target_group.app"]},"type":{"constant_value":"forward"}}],"load_balancer_arn":{"references":["aws_alb.main.id","aws_alb.main"]},"port":{"constant_value":80},"protocol":{"constant_value":"HTTP"}},"schema_version":0},{"address":"aws_alb_target_group.app","mode":"managed","type":"aws_alb_target_group","name":"app","provider_config_key":"aws","expressions":{"health_check":[{"healthy_threshold":{"constant_value":5},"interval":{"constant_value":10},"path":{"constant_value":"/"},"protocol":{"constant_value":"HTTP"},"timeout":{"constant_value":5},"unhealthy_threshold":{"constant_value":2}}],"name":{"constant_value":"target-group"},"port":{"references":["var.app_port"]},"protocol":{"constant_value":"HTTP"},"target_type":{"constant_value":"ip"},"vpc_id":{"references":["aws_vpc.main.id","aws_vpc.main"]}},"schema_version":0},{"address":"aws_ecs_cluster.main","mode":"managed","type":"aws_ecs_cluster","name":"main","provider_config_key":"aws","expressions":{"name":{"constant_value":"ecs-cluster"}},"schema_version":0},{"address":"aws_ecs_service.main","mode":"managed","type":"aws_ecs_service","name":"main","provider_config_key":"aws","expressions":{"cluster":{"references":["aws_ecs_cluster.main.id","aws_ecs_cluster.main"]},"desired_count":{"constant_value":1},"launch_type":{"constant_value":"FARGATE"},"load_balancer":[{"container_name":{"constant_value":"app"},"container_port":{"references":["var.app_port"]},"target_group_arn":{"references":["aws_alb_target_group.app.id","aws_alb_target_group.app"]}}],"name":{"constant_value":"app-service"},"network_configuration":[{"assign_public_ip":{"constant_value":true},"security_groups":{"references":["aws_security_group.ecs_tasks.id","aws_security_group.ecs_tasks"]},"subnets":{"references":["aws_subnet.private"]}}],"task_definition":{"references":["aws_ecs_task_definition.app.arn","aws_ecs_task_definition.app"]}},"schema_version":1,"depends_on":["aws_alb_listener.front_end","aws_iam_role_policy_attachment.ecs-task-execution-role-policy-attachment"]},{"address":"aws_ecs_task_definition.app","mode":"managed","type":"aws_ecs_task_definition","name":"app","provider_config_key":"aws","expressions":{"container_definitions":{"references":["data.template_file.app.rendered","data.template_file.app"]},"cpu":{"references":["var.fargate_cpu"]},"execution_role_arn":{"references":["aws_iam_role.ecs_task_execution_role.arn","aws_iam_role.ecs_task_execution_role"]},"family":{"constant_value":"app-task-definition"},"memory":{"references":["var.fargate_memory"]},"network_mode":{"constant_value":"awsvpc"},"requires_compatibilities":{"constant_value":["FARGATE"]},"task_role_arn":{"references":["aws_iam_role.ecs_task_role.arn","aws_iam_role.ecs_task_role"]}},"schema_version":1},{"address":"aws_eip.gw","mode":"managed","type":"aws_eip","name":"gw","provider_config_key":"aws","expressions":{"domain":{"constant_value":"vpc"}},"schema_version":0,"depends_on":["aws_internet_gateway.gw"]},{"address":"aws_iam_role.ecs_task_execution_role","mode":"managed","type":"aws_iam_role","name":"ecs_task_execution_role","provider_config_key":"aws","expressions":{"assume_role_policy":{"constant_value":"{\n \"Version\": \"2012-10-17\",\n \"Statement\": [\n   {\n     \"Action\": \"sts:AssumeRole\",\n     \"Principal\": {\n       \"Service\": \"ecs-tasks.amazonaws.com\"\n     },\n     \"Effect\": \"Allow\",\n     \"Sid\": \"\"\n   }\n ]\n}\n"},"name":{"constant_value":"ecs-execution-role"}},"schema_version":0},{"address":"aws_iam_role.ecs_task_role","mode":"managed","type":"aws_iam_role","name":"ecs_task_role","provider_config_key":"aws","expressions":{"assume_role_policy":{"constant_value":"{\n \"Version\": \"2012-10-17\",\n \"Statement\": [\n   {\n     \"Action\": \"sts:AssumeRole\",\n     \"Principal\": {\n       \"Service\": \"ecs-tasks.amazonaws.com\"\n     },\n     \"Effect\": \"Allow\",\n     \"Sid\": \"\"\n   }\n ]\n}\n"},"name":{"constant_value":"ecs-task-role"}},"schema_version":0},{"address":"aws_iam_role_policy_attachment.ecs-task-execution-role-policy-attachment","mode":"managed","type":"aws_iam_role_policy_attachment","name":"ecs-task-execution-role-policy-attachment","provider_config_key":"aws","expressions":{"policy_arn":{"constant_value":"arn:aws:iam::aws:policy/service-role/AmazonECSTaskExecutionRolePolicy"},"role":{"references":["aws_iam_role.ecs_task_execution_role.name","aws_iam_role.ecs_task_execution_role"]}},"schema_version":0},{"address":"aws_iam_role_policy_attachment.ecs-task-execution-role-secrets-policy-attachment","mode":"managed","type":"aws_iam_role_policy_attachment","name":"ecs-task-execution-role-secrets-policy-attachment","provider_config_key":"aws","expressions":{"policy_arn":{"constant_value":"arn:aws:iam::aws:policy/SecretsManagerReadWrite"},"role":{"references":["aws_iam_role.ecs_task_execution_role.name","aws_iam_role.ecs_task_execution_role"]}},"schema_version":0},{"address":"aws_iam_role_policy_attachment.ecs-task-role-policy-attachment","mode":"managed","type":"aws_iam_role_policy_attachment","name":"ecs-task-role-policy-attachment","provider_config_key":"aws","expressions":{"policy_arn":{"constant_value":"arn:aws:iam::aws:policy/SecretsManagerReadWrite"},"role":{"references":["aws_iam_role.ecs_task_role.name","aws_iam_role.ecs_task_role"]}},"schema_version":0},{"address":"aws_internet_gateway.gw","mode":"managed","type":"aws_internet_gateway","name":"gw","provider_config_key":"aws","expressions":{"vpc_id":{"references":["aws_vpc.main.id","aws_vpc.main"]}},"schema_version":0},{"address":"aws_nat_gateway.gw","mode":"managed","type":"aws_nat_gateway","name":"gw","provider_config_key":"aws","expressions":{"allocation_id":{"references":["aws_eip.gw.id","aws_eip.gw"]},"subnet_id":{"references":["aws_subnet.public[0].id","aws_subnet.public[0]","aws_subnet.public"]}},"schema_version":0,"depends_on":["aws_internet_gateway.gw"]},{"address":"aws_route.internet_access","mode":"managed","type":"aws_route","name":"internet_access","provider_config_key":"aws","expressions":{"destination_cidr_block":{"constant_value":"0.0.0.0/0"},"gateway_id":{"references":["aws_internet_gateway.gw.id","aws_internet_gateway.gw"]},"route_table_id":{"references":["aws_vpc.main.main_route_table_id","aws_vpc.main"]}},"schema_version":0},{"address":"aws_route_table.private","mode":"managed","type":"aws_route_table","name":"private","provider_config_key":"aws","expressions":{"route":{"references":["aws_nat_gateway.gw.id","aws_nat_gateway.gw"]},"vpc_id":{"references":["aws_vpc.main.id","aws_vpc.main"]}},"schema_version":0},{"address":"aws_route_table_association.private","mode":"managed","type":"aws_route_table_association","name":"private","provider_config_key":"aws","expressions":{"route_table_id":{"references":["aws_route_table.private.id","aws_route_table.private"]},"subnet_id":{"references":["aws_subnet.private","count.index"]}},"schema_version":0,"count_expression":{"references":["var.az_count"]}},{"address":"aws_security_group.ecs_tasks","mode":"managed","type":"aws_security_group","name":"ecs_tasks","provider_config_key":"aws","expressions":{"egress":{"constant_value":[{"cidr_blocks":["0.0.0.0/0"],"description":null,"from_port":0,"ipv6_cidr_blocks":null,"prefix_list_ids":null,"protocol":"-1","security_groups":null,"self":null,"to_port":0}]},"ingress":{"references":["var.app_port","aws_security_group.lb.id","aws_security_group.lb","var.app_port"]},"name":{"constant_value":"ecs_tasks_sg"},"vpc_id":{"references":["aws_vpc.main.id","aws_vpc.main"]}},"schema_version":1},{"address":"aws_security_group.lb","mode":"managed","type":"aws_security_group","name":"lb","provider_config_key":"aws","expressions":{"egress":{"constant_value":[{"cidr_blocks":["0.0.0.0/0"],"description":null,"from_port":0,"ipv6_cidr_blocks":null,"prefix_list_ids":null,"protocol":"-1","security_groups":null,"self":null,"to_port":0}]},"ingress":{"constant_value":[{"cidr_blocks":["0.0.0.0/0"],"description":null,"from_port":80,"ipv6_cidr_blocks":null,"prefix_list_ids":null,"protocol":"tcp","security_groups":null,"self":null,"to_port":80}]},"name":{"constant_value":"lb-security-group"},"vpc_id":{"references":["aws_vpc.main.id","aws_vpc.main"]}},"schema_version":1},{"address":"aws_subnet.private","mode":"managed","type":"aws_subnet","name":"private","provider_config_key":"aws","expressions":{"availability_zone":{"references":["data.aws_availability_zones.available.names","data.aws_availability_zones.available","count.index"]},"cidr_block":{"references":["aws_vpc.main.cidr_block","aws_vpc.main","count.index"]},"vpc_id":{"references":["aws_vpc.main.id","aws_vpc.main"]}},"schema_version":1,"count_expression":{"references":["var.az_count"]}},{"address":"aws_subnet.public","mode":"managed","type":"aws_subnet","name":"public","provider_config_key":"aws","expressions":{"availability_zone":{"references":["data.aws_availability_zones.available.names","data.aws_availability_zones.available","count.index"]},"cidr_block":{"references":["aws_vpc.main.cidr_block","aws_vpc.main","var.az_count","count.index"]},"vpc_id":{"references":["aws_vpc.main.id","aws_vpc.main"]}},"schema_version":1,"count_expression":{"references":["var.az_count"]}},{"address":"aws_vpc.main","mode":"managed","type":"aws_vpc","name":"main","provider_config_key":"aws","expressions":{"cidr_block":{"constant_value":"172.17.0.0/16"}},"schema_version":1},{"address":"data.aws_availability_zones.available","mode":"data","type":"aws_availability_zones","name":"available","provider_config_key":"aws","schema_version":0},{"address":"data.aws_secretsmanager_secret_version.database","mode":"data","type":"aws_secretsmanager_secret_version","name":"database","provider_config_key":"aws","expressions":{"secret_id":{"references":["var.secret_id"]}},"schema_version":0},{"address":"data.template_file.app","mode":"data","type":"template_file","name":"app","provider_config_key":"template","expressions":{"template":{},"vars":{"references":["var.app_image","var.app_port","var.fargate_cpu","var.fargate_memory","var.region","data.aws_secretsmanager_secret_version.database.arn","data.aws_secretsmanager_secret_version.database"]}},"schema_version":0}],"variables":{"app_image":{},"app_port":{},"az_count":{},"fargate_cpu":{},"fargate_memory":{},"profile":{},"region":{},"secret_id":{}}}},"relevant_attributes":[{"resource":"aws_vpc.main","attribute":["main_route_table_id"]},{"resource":"aws_security_group.lb","attribute":["id"]},{"resource":"aws_iam_role.ecs_task_execution_role","attribute":["arn"]},{"resource":"aws_alb.main","attribute":["id"]},{"resource":"aws_ecs_cluster.main","attribute":["id"]},{"resource":"aws_alb.main","attribute":["dns_name"]},{"resource":"aws_iam_role.ecs_task_execution_role","attribute":["name"]},{"resource":"aws_vpc.main","attribute":["id"]},{"resource":"data.aws_availability_zones.available","attribute":["names"]},{"resource":"aws_nat_gateway.gw","attribute":["id"]},{"resource":"aws_internet_gateway.gw","attribute":["id"]},{"resource":"data.template_file.app","attribute":["rendered"]},{"resource":"aws_eip.gw","attribute":["id"]},{"resource":"aws_subnet.public","attribute":[]},{"resource":"aws_route_table.private","attribute":["id"]},{"resource":"aws_iam_role.ecs_task_role","attribute":["arn"]},{"resource":"aws_vpc.main","attribute":["cidr_block"]},{"resource":"aws_subnet.private","attribute":[]},{"resource":"aws_alb_target_group.app","attribute":["id"]},{"resource":"aws_ecs_task_definition.app","attribute":["arn"]},{"resource":"aws_security_group.ecs_tasks","attribute":["id"]},{"resource":"aws_iam_role.ecs_task_role","attribute":["name"]},{"resource":"aws_subnet.public[0]","attribute":["id"]}],"timestamp":"2024-12-04T07:00:12Z","applyable":true,"complete":true,"errored":false}
